
Microsoft Visual Studio Solution File, Format Version 12.00
# Visual Studio Version 16
VisualStudioVersion = 16.0.30804.86
MinimumVisualStudioVersion = 10.0.40219.1
Project("{FAE04EC0-301F-11D3-BF4B-00C04F79EFBC}") = "OOP3", "OOP3\OOP3.csproj", "{169F3444-CCBE-46E1-BCCB-95BF79B43748}"
EndProject
Global
	GlobalSection(SolutionConfigurationPlatforms) = preSolution
		Debug|Any CPU = Debug|Any CPU
		Release|Any CPU = Release|Any CPU
	EndGlobalSection
	GlobalSection(ProjectConfigurationPlatforms) = postSolution
		{169F3444-CCBE-46E1-BCCB-95BF79B43748}.Debug|Any CPU.ActiveCfg = Debug|Any CPU
		{169F3444-CCBE-46E1-BCCB-95BF79B43748}.Debug|Any CPU.Build.0 = Debug|Any CPU
		{169F3444-CCBE-46E1-BCCB-95BF79B43748}.Release|Any CPU.ActiveCfg = Release|Any CPU
		{169F3444-CCBE-46E1-BCCB-95BF79B43748}.Release|Any CPU.Build.0 = Release|Any CPU
	EndGlobalSection
	GlobalSection(SolutionProperties) = preSolution
		HideSolutionNode = FALSE
	EndGlobalSection
	GlobalSection(ExtensibilityGlobals) = postSolution
		SolutionGuid = {D005EF41-5D41-4B2B-A6FD-ACCD100660B4}
	EndGlobalSection
EndGlobal
